
Microsoft Visual Studio Solution File, Format Version 12.00
# Visual Studio Version 16
VisualStudioVersion = 16.0.30711.63
MinimumVisualStudioVersion = 10.0.40219.1
Project("{FAE04EC0-301F-11D3-BF4B-00C04F79EFBC}") = "LogUploadService", "LogUploadService\LogUploadService.csproj", "{928F4DBC-1CB1-4382-AF2D-A9EA2860810F}"
EndProject
Global
	GlobalSection(SolutionConfigurationPlatforms) = preSolution
		Debug|Any CPU = Debug|Any CPU
		Release|Any CPU = Release|Any CPU
	EndGlobalSection
	GlobalSection(ProjectConfigurationPlatforms) = postSolution
		{928F4DBC-1CB1-4382-AF2D-A9EA2860810F}.Debug|Any CPU.ActiveCfg = Debug|Any CPU
		{928F4DBC-1CB1-4382-AF2D-A9EA2860810F}.Debug|Any CPU.Build.0 = Debug|Any CPU
		{928F4DBC-1CB1-4382-AF2D-A9EA2860810F}.Release|Any CPU.ActiveCfg = Release|Any CPU
		{928F4DBC-1CB1-4382-AF2D-A9EA2860810F}.Release|Any CPU.Build.0 = Release|Any CPU
	EndGlobalSection
	GlobalSection(SolutionProperties) = preSolution
		HideSolutionNode = FALSE
	EndGlobalSection
	GlobalSection(ExtensibilityGlobals) = postSolution
		SolutionGuid = {1F2BC572-C264-4BE4-8544-8FFF19E7680A}
	EndGlobalSection
EndGlobal
